github.com/devopsfaith/bloomfilter v0.0.0-20190317200532-4687d0b9aa2a h1:qkMmhLugQNFqVCX2dciZUOPShzadLJ+ntHKZsCptY3Q=
github.com/devopsfaith/bloomfilter v0.0.0-20190317200532-4687d0b9aa2a/go.mod h1:tbSDll/pfEfe0SF8GkyT1z3jYyAtXw+wDFSQy7172gk=
github.com/tmthrgd/atomics v0.0.0-20190303111459-35961d894d96 h1:Jpe7oREw3nVLUgGwpmpEqj6+CZyGmlRDi24n0/DDMnA=
github.com/tmthrgd/atomics v0.0.0-20190303111459-35961d894d96/go.mod h1:J2+dTgaX/1g3PkyL6sLBglBWfaLmAp5bQbRhSfKw9XI=
github.com/tmthrgd/go-bitset v0.0.0-20190303105531-b20fba2c981e h1:xA4Ox5jfxXcyt2wx99ARBbKTVm+90GDKQ6cFUi4XgFY=
github.com/tmthrgd/go-bitset v0.0.0-20190303105531-b20fba2c981e/go.mod h1:SooM96OIpihI7iMZhVGbpiiO9Qevqv8vXxHlwNtefd4=
github.com/tmthrgd/go-bitwise v0.0.0-20190303101421-46d1dc0ba014 h1:31wclg4t1EOxwrq8iY3z2DckwspbvikVtnE57Z/e81I=
github.com/tmthrgd/go-bitwise v0.0.0-20190303101421-46d1dc0ba014/go.mod h1:Ba4ek/h+sJUzTQ03ZGD1r0lazhxd7CBoEQzFk/icxxU=
github.com/tmthrgd/go-byte-test v0.0.0-20190303110254-b940c25c3738 h1:Kbf5/LNt+fDanXWxv9IlaLfpSTHPAp5ZiG6TVuBGw0k=
github.com/tmthrgd/go-byte-test v0.0.0-20190303110254-b940c25c3738/go.mod h1:MEz1Lt0fxSL/ZgE7VN3yUJV0sP5I5aYecYLd9y/viEs=
github.com/tmthrgd/go-hex v0.0.0-20190303111820-0bdcb15db631 h1:IlK6taZBmMKDcGfMqIlD4la5BlekNrrLsdtCMSn6aJI=
github.com/tmthrgd/go-hex v0.0.0-20190303111820-0bdcb15db631/go.mod h1:bciPuU6GHm1iF1pBvUfxfsH0Wmnc2VbpgvbI9ZWuIRs=
github.com/tmthrgd/go-memset v0.0.0-20190303110500-e5f30bc33f57 h1:tJ5Y9zQQj6Mwox1r35p9jKvifvPJwedI5WD7Fo4Mbg4=
github.com/tmthrgd/go-memset v0.0.0-20190303110500-e5f30bc33f57/go.mod h1:xUkvcKF3VBDKFmmqCtW333lognWBHzSScj4fgjVB0Ek=
github.com/tmthrgd/go-popcount v0.0.0-20190303105726-88afd59bff20 h1:OlUS3StBdsabKWVWQfc4gjVGrETNwtDse4zyixeAg1M=
github.com/tmthrgd/go-popcount v0.0.0-20190303105726-88afd59bff20/go.mod h1:FcUQfrsAsSSqM3n9xf4EtPzB8tWzt58/y0AV+wNNM8Q=
golang.org/x/sys v0.0.0-20190515120540-06a5c4944438 h1:khxRGsvPk4n2y8I/mLLjp7e5dMTJmH75wvqS6nMwUtY=
golang.org/x/sys v0.0.0-20190515120540-06a5c4944438/go.mod h1:h1NjWce9XRLGQEsW7wpKNCjG9DtNlClVuFLEZdDNbEs=
